
Microsoft Visual Studio Solution File, Format Version 12.00
# Visual Studio Version 17
VisualStudioVersion = 17.8.34330.188
MinimumVisualStudioVersion = 10.0.40219.1
Project("{D2ABAB84-BF74-430A-B69E-9DC6D40DDA17}") = "UrbanDriveDataWarehouse", "UrbanDriveDataWarehouse\UrbanDriveDataWarehouse.dwproj", "{0766343E-4B93-43F7-9F9C-55382070EA22}"
EndProject
Global
	GlobalSection(SolutionConfigurationPlatforms) = preSolution
		Development|Default = Development|Default
	EndGlobalSection
	GlobalSection(ProjectConfigurationPlatforms) = postSolution
		{0766343E-4B93-43F7-9F9C-55382070EA22}.Development|Default.ActiveCfg = Development
		{0766343E-4B93-43F7-9F9C-55382070EA22}.Development|Default.Build.0 = Development
		{0766343E-4B93-43F7-9F9C-55382070EA22}.Development|Default.Deploy.0 = Development
	EndGlobalSection
	GlobalSection(SolutionProperties) = preSolution
		HideSolutionNode = FALSE
	EndGlobalSection
	GlobalSection(ExtensibilityGlobals) = postSolution
		SolutionGuid = {14CCC670-3BC0-45B2-B676-55692F01A817}
	EndGlobalSection
EndGlobal
